
Microsoft Visual Studio Solution File, Format Version 12.00
# Visual Studio Version 17
VisualStudioVersion = 17.3.32819.101
MinimumVisualStudioVersion = 10.0.40219.1
Project("{9A19103F-16F7-4668-BE54-9A1E7A4F7556}") = "DiplomaAnalysis", "DiplomaAnalysis\DiplomaAnalysis.csproj", "{5593D125-0B20-4CC5-A7EE-C8A7667D41F3}"
EndProject
Project("{9A19103F-16F7-4668-BE54-9A1E7A4F7556}") = "DiplomaAnalysis.Common.Models", "DiplomaAnalysis.Common.Models\DiplomaAnalysis.Common.Models.csproj", "{09F3520E-700A-4E6F-B672-F9C2437F6613}"
EndProject
Project("{9A19103F-16F7-4668-BE54-9A1E7A4F7556}") = "DiplomaAnalysis.Services.References", "DiplomaAnalysis.Services.References\DiplomaAnalysis.Services.References.csproj", "{EE215C04-639A-4E0D-AAC6-7D44D3791CB5}"
EndProject
Project("{9A19103F-16F7-4668-BE54-9A1E7A4F7556}") = "DiplomaAnalysis.Services.Layout", "DiplomaAnalysis.Services.Layout\DiplomaAnalysis.Services.Layout.csproj", "{304A1EE9-3CF8-4898-89C0-F1D96B735489}"
EndProject
Project("{2150E333-8FDC-42A3-9474-1A3956D46DE8}") = "DiplomaAnalysis.FrontEnd", "DiplomaAnalysis.FrontEnd", "{FC7A6BB2-EF4C-4D8B-BBDA-7CFE4B23370B}"
	ProjectSection(SolutionItems) = preProject
		DiplomaAnalysis.FrontEnd\app.js = DiplomaAnalysis.FrontEnd\app.js
		DiplomaAnalysis.FrontEnd\index.html = DiplomaAnalysis.FrontEnd\index.html
		DiplomaAnalysis.FrontEnd\loader.css = DiplomaAnalysis.FrontEnd\loader.css
		DiplomaAnalysis.FrontEnd\resultTicketFactory.js = DiplomaAnalysis.FrontEnd\resultTicketFactory.js
		DiplomaAnalysis.FrontEnd\styles.css = DiplomaAnalysis.FrontEnd\styles.css
	EndProjectSection
EndProject
Project("{9A19103F-16F7-4668-BE54-9A1E7A4F7556}") = "DiplomaAnalysis.Services.Orthography2019", "DiplomaAnalysis.Services.Orthography2019\DiplomaAnalysis.Services.Orthography2019.csproj", "{930431E9-92CE-4FBE-B1B8-C7B27017DC5B}"
EndProject
Project("{9A19103F-16F7-4668-BE54-9A1E7A4F7556}") = "DiplomaAnalysis.Services.Runglish", "DiplomaAnalysis.Services.Runglish\DiplomaAnalysis.Services.Runglish.csproj", "{CF1C5EC5-C590-4458-B50F-680A83DC040A}"
EndProject
Project("{9A19103F-16F7-4668-BE54-9A1E7A4F7556}") = "DiplomaAnalysis.Common.Extensions", "DiplomaAnalysis.Common.Extensions\DiplomaAnalysis.Common.Extensions.csproj", "{AD267930-EF98-4729-A6DD-C7B3CA5954A3}"
EndProject
Project("{9A19103F-16F7-4668-BE54-9A1E7A4F7556}") = "DiplomaAnalysis.Services.WordingMisuse", "DiplomaAnalysis.Services.WordingMisuse\DiplomaAnalysis.Services.WordingMisuse.csproj", "{673D960D-920E-4648-B74B-DA570601E609}"
EndProject
Project("{9A19103F-16F7-4668-BE54-9A1E7A4F7556}") = "DiplomaAnalysis.Services.CharReplacement", "DiplomaAnalysis.Services.CharReplacement\DiplomaAnalysis.Services.CharReplacement.csproj", "{CF2D4F4A-1D53-4AD0-8B9E-95190F6B0C15}"
EndProject
Project("{9A19103F-16F7-4668-BE54-9A1E7A4F7556}") = "DiplomaAnalysis.Services.Punctuation", "DiplomaAnalysis.Services.Punctuation\DiplomaAnalysis.Services.Punctuation.csproj", "{C0DEC713-1C41-4172-BC52-6B25393BC1EC}"
EndProject
Project("{9A19103F-16F7-4668-BE54-9A1E7A4F7556}") = "DiplomaAnalysis.Common.Contracts", "DiplomaAnalysis.Common.Contracts\DiplomaAnalysis.Common.Contracts.csproj", "{8275BE2E-DED9-4C2D-8370-D66A7464FCE5}"
EndProject
Project("{9A19103F-16F7-4668-BE54-9A1E7A4F7556}") = "DiplomaAnalysis.IntegrationTests", "DiplomaAnalysis.IntegrationTests\DiplomaAnalysis.IntegrationTests.csproj", "{4386613D-E485-45F2-80CE-833B7B713910}"
EndProject
Project("{9A19103F-16F7-4668-BE54-9A1E7A4F7556}") = "DiplomaAnalysis.Services.Pronouns", "DiplomaAnalysis.Services.Pronouns\DiplomaAnalysis.Services.Pronouns.csproj", "{9196FC42-D41C-474E-8BAE-60BC1B18E22B}"
EndProject
Project("{9A19103F-16F7-4668-BE54-9A1E7A4F7556}") = "DiplomaAnalysis.Services.Table", "DiplomaAnalysis.Services.Table\DiplomaAnalysis.Services.Table.csproj", "{8701F3F5-F47B-4084-A564-E4B75A30094B}"
EndProject
Global
	GlobalSection(SolutionConfigurationPlatforms) = preSolution
		Debug|Any CPU = Debug|Any CPU
		Release|Any CPU = Release|Any CPU
	EndGlobalSection
	GlobalSection(ProjectConfigurationPlatforms) = postSolution
		{5593D125-0B20-4CC5-A7EE-C8A7667D41F3}.Debug|Any CPU.ActiveCfg = Debug|Any CPU
		{5593D125-0B20-4CC5-A7EE-C8A7667D41F3}.Debug|Any CPU.Build.0 = Debug|Any CPU
		{5593D125-0B20-4CC5-A7EE-C8A7667D41F3}.Release|Any CPU.ActiveCfg = Release|Any CPU
		{5593D125-0B20-4CC5-A7EE-C8A7667D41F3}.Release|Any CPU.Build.0 = Release|Any CPU
		{09F3520E-700A-4E6F-B672-F9C2437F6613}.Debug|Any CPU.ActiveCfg = Debug|Any CPU
		{09F3520E-700A-4E6F-B672-F9C2437F6613}.Debug|Any CPU.Build.0 = Debug|Any CPU
		{09F3520E-700A-4E6F-B672-F9C2437F6613}.Release|Any CPU.ActiveCfg = Release|Any CPU
		{09F3520E-700A-4E6F-B672-F9C2437F6613}.Release|Any CPU.Build.0 = Release|Any CPU
		{EE215C04-639A-4E0D-AAC6-7D44D3791CB5}.Debug|Any CPU.ActiveCfg = Debug|Any CPU
		{EE215C04-639A-4E0D-AAC6-7D44D3791CB5}.Debug|Any CPU.Build.0 = Debug|Any CPU
		{EE215C04-639A-4E0D-AAC6-7D44D3791CB5}.Release|Any CPU.ActiveCfg = Release|Any CPU
		{EE215C04-639A-4E0D-AAC6-7D44D3791CB5}.Release|Any CPU.Build.0 = Release|Any CPU
		{304A1EE9-3CF8-4898-89C0-F1D96B735489}.Debug|Any CPU.ActiveCfg = Debug|Any CPU
		{304A1EE9-3CF8-4898-89C0-F1D96B735489}.Debug|Any CPU.Build.0 = Debug|Any CPU
		{304A1EE9-3CF8-4898-89C0-F1D96B735489}.Release|Any CPU.ActiveCfg = Release|Any CPU
		{304A1EE9-3CF8-4898-89C0-F1D96B735489}.Release|Any CPU.Build.0 = Release|Any CPU
		{930431E9-92CE-4FBE-B1B8-C7B27017DC5B}.Debug|Any CPU.ActiveCfg = Debug|Any CPU
		{930431E9-92CE-4FBE-B1B8-C7B27017DC5B}.Debug|Any CPU.Build.0 = Debug|Any CPU
		{930431E9-92CE-4FBE-B1B8-C7B27017DC5B}.Release|Any CPU.ActiveCfg = Release|Any CPU
		{930431E9-92CE-4FBE-B1B8-C7B27017DC5B}.Release|Any CPU.Build.0 = Release|Any CPU
		{CF1C5EC5-C590-4458-B50F-680A83DC040A}.Debug|Any CPU.ActiveCfg = Debug|Any CPU
		{CF1C5EC5-C590-4458-B50F-680A83DC040A}.Debug|Any CPU.Build.0 = Debug|Any CPU
		{CF1C5EC5-C590-4458-B50F-680A83DC040A}.Release|Any CPU.ActiveCfg = Release|Any CPU
		{CF1C5EC5-C590-4458-B50F-680A83DC040A}.Release|Any CPU.Build.0 = Release|Any CPU
		{AD267930-EF98-4729-A6DD-C7B3CA5954A3}.Debug|Any CPU.ActiveCfg = Debug|Any CPU
		{AD267930-EF98-4729-A6DD-C7B3CA5954A3}.Debug|Any CPU.Build.0 = Debug|Any CPU
		{AD267930-EF98-4729-A6DD-C7B3CA5954A3}.Release|Any CPU.ActiveCfg = Release|Any CPU
		{AD267930-EF98-4729-A6DD-C7B3CA5954A3}.Release|Any CPU.Build.0 = Release|Any CPU
		{673D960D-920E-4648-B74B-DA570601E609}.Debug|Any CPU.ActiveCfg = Debug|Any CPU
		{673D960D-920E-4648-B74B-DA570601E609}.Debug|Any CPU.Build.0 = Debug|Any CPU
		{673D960D-920E-4648-B74B-DA570601E609}.Release|Any CPU.ActiveCfg = Release|Any CPU
		{673D960D-920E-4648-B74B-DA570601E609}.Release|Any CPU.Build.0 = Release|Any CPU
		{CF2D4F4A-1D53-4AD0-8B9E-95190F6B0C15}.Debug|Any CPU.ActiveCfg = Debug|Any CPU
		{CF2D4F4A-1D53-4AD0-8B9E-95190F6B0C15}.Debug|Any CPU.Build.0 = Debug|Any CPU
		{CF2D4F4A-1D53-4AD0-8B9E-95190F6B0C15}.Release|Any CPU.ActiveCfg = Release|Any CPU
		{CF2D4F4A-1D53-4AD0-8B9E-95190F6B0C15}.Release|Any CPU.Build.0 = Release|Any CPU
		{C0DEC713-1C41-4172-BC52-6B25393BC1EC}.Debug|Any CPU.ActiveCfg = Debug|Any CPU
		{C0DEC713-1C41-4172-BC52-6B25393BC1EC}.Debug|Any CPU.Build.0 = Debug|Any CPU
		{C0DEC713-1C41-4172-BC52-6B25393BC1EC}.Release|Any CPU.ActiveCfg = Release|Any CPU
		{C0DEC713-1C41-4172-BC52-6B25393BC1EC}.Release|Any CPU.Build.0 = Release|Any CPU
		{8275BE2E-DED9-4C2D-8370-D66A7464FCE5}.Debug|Any CPU.ActiveCfg = Debug|Any CPU
		{8275BE2E-DED9-4C2D-8370-D66A7464FCE5}.Debug|Any CPU.Build.0 = Debug|Any CPU
		{8275BE2E-DED9-4C2D-8370-D66A7464FCE5}.Release|Any CPU.ActiveCfg = Release|Any CPU
		{8275BE2E-DED9-4C2D-8370-D66A7464FCE5}.Release|Any CPU.Build.0 = Release|Any CPU
		{4386613D-E485-45F2-80CE-833B7B713910}.Debug|Any CPU.ActiveCfg = Debug|Any CPU
		{4386613D-E485-45F2-80CE-833B7B713910}.Debug|Any CPU.Build.0 = Debug|Any CPU
		{4386613D-E485-45F2-80CE-833B7B713910}.Release|Any CPU.ActiveCfg = Release|Any CPU
		{4386613D-E485-45F2-80CE-833B7B713910}.Release|Any CPU.Build.0 = Release|Any CPU
		{9196FC42-D41C-474E-8BAE-60BC1B18E22B}.Debug|Any CPU.ActiveCfg = Debug|Any CPU
		{9196FC42-D41C-474E-8BAE-60BC1B18E22B}.Debug|Any CPU.Build.0 = Debug|Any CPU
		{9196FC42-D41C-474E-8BAE-60BC1B18E22B}.Release|Any CPU.ActiveCfg = Release|Any CPU
		{9196FC42-D41C-474E-8BAE-60BC1B18E22B}.Release|Any CPU.Build.0 = Release|Any CPU
		{8701F3F5-F47B-4084-A564-E4B75A30094B}.Debug|Any CPU.ActiveCfg = Debug|Any CPU
		{8701F3F5-F47B-4084-A564-E4B75A30094B}.Debug|Any CPU.Build.0 = Debug|Any CPU
		{8701F3F5-F47B-4084-A564-E4B75A30094B}.Release|Any CPU.ActiveCfg = Release|Any CPU
		{8701F3F5-F47B-4084-A564-E4B75A30094B}.Release|Any CPU.Build.0 = Release|Any CPU
	EndGlobalSection
	GlobalSection(SolutionProperties) = preSolution
		HideSolutionNode = FALSE
	EndGlobalSection
	GlobalSection(ExtensibilityGlobals) = postSolution
		SolutionGuid = {EDC9C224-B4BD-482A-9740-EEE4F4861DB1}
	EndGlobalSection
EndGlobal
