
Microsoft Visual Studio Solution File, Format Version 12.00
# Visual Studio Version 16
VisualStudioVersion = 16.0.31402.337
MinimumVisualStudioVersion = 10.0.40219.1
Project("{9A19103F-16F7-4668-BE54-9A1E7A4F7556}") = "DiplomaAnalysis", "DiplomaAnalysis\DiplomaAnalysis.csproj", "{5593D125-0B20-4CC5-A7EE-C8A7667D41F3}"
EndProject
Project("{9A19103F-16F7-4668-BE54-9A1E7A4F7556}") = "DiplomaAnalysis.Models", "DiplomaAnalysis.Models\DiplomaAnalysis.Models.csproj", "{09F3520E-700A-4E6F-B672-F9C2437F6613}"
EndProject
Project("{9A19103F-16F7-4668-BE54-9A1E7A4F7556}") = "DiplomaAnalysis.Services.References", "DiplomaAnalysis.Services.References\DiplomaAnalysis.Services.References.csproj", "{EE215C04-639A-4E0D-AAC6-7D44D3791CB5}"
EndProject
Project("{9A19103F-16F7-4668-BE54-9A1E7A4F7556}") = "DiplomaAnalysis.Services.Layout", "DiplomaAnalysis.Services.Layout\DiplomaAnalysis.Services.Layout.csproj", "{304A1EE9-3CF8-4898-89C0-F1D96B735489}"
EndProject
Project("{2150E333-8FDC-42A3-9474-1A3956D46DE8}") = "DiplomaAnalysis.FrontEnd", "DiplomaAnalysis.FrontEnd", "{FC7A6BB2-EF4C-4D8B-BBDA-7CFE4B23370B}"
	ProjectSection(SolutionItems) = preProject
		DiplomaAnalysis.FrontEnd\app.js = DiplomaAnalysis.FrontEnd\app.js
		DiplomaAnalysis.FrontEnd\index.html = DiplomaAnalysis.FrontEnd\index.html
		DiplomaAnalysis.FrontEnd\resultTicketFactory.js = DiplomaAnalysis.FrontEnd\resultTicketFactory.js
		DiplomaAnalysis.FrontEnd\styles.css = DiplomaAnalysis.FrontEnd\styles.css
	EndProjectSection
EndProject
Project("{FAE04EC0-301F-11D3-BF4B-00C04F79EFBC}") = "DiplomaAnalysis.Services.Orthography2019", "DiplomaAnalysis.Services.Orthography2019\DiplomaAnalysis.Services.Orthography2019.csproj", "{930431E9-92CE-4FBE-B1B8-C7B27017DC5B}"
EndProject
Global
	GlobalSection(SolutionConfigurationPlatforms) = preSolution
		Debug|Any CPU = Debug|Any CPU
		Release|Any CPU = Release|Any CPU
	EndGlobalSection
	GlobalSection(ProjectConfigurationPlatforms) = postSolution
		{5593D125-0B20-4CC5-A7EE-C8A7667D41F3}.Debug|Any CPU.ActiveCfg = Debug|Any CPU
		{5593D125-0B20-4CC5-A7EE-C8A7667D41F3}.Debug|Any CPU.Build.0 = Debug|Any CPU
		{5593D125-0B20-4CC5-A7EE-C8A7667D41F3}.Release|Any CPU.ActiveCfg = Release|Any CPU
		{5593D125-0B20-4CC5-A7EE-C8A7667D41F3}.Release|Any CPU.Build.0 = Release|Any CPU
		{09F3520E-700A-4E6F-B672-F9C2437F6613}.Debug|Any CPU.ActiveCfg = Debug|Any CPU
		{09F3520E-700A-4E6F-B672-F9C2437F6613}.Debug|Any CPU.Build.0 = Debug|Any CPU
		{09F3520E-700A-4E6F-B672-F9C2437F6613}.Release|Any CPU.ActiveCfg = Release|Any CPU
		{09F3520E-700A-4E6F-B672-F9C2437F6613}.Release|Any CPU.Build.0 = Release|Any CPU
		{EE215C04-639A-4E0D-AAC6-7D44D3791CB5}.Debug|Any CPU.ActiveCfg = Debug|Any CPU
		{EE215C04-639A-4E0D-AAC6-7D44D3791CB5}.Debug|Any CPU.Build.0 = Debug|Any CPU
		{EE215C04-639A-4E0D-AAC6-7D44D3791CB5}.Release|Any CPU.ActiveCfg = Release|Any CPU
		{EE215C04-639A-4E0D-AAC6-7D44D3791CB5}.Release|Any CPU.Build.0 = Release|Any CPU
		{304A1EE9-3CF8-4898-89C0-F1D96B735489}.Debug|Any CPU.ActiveCfg = Debug|Any CPU
		{304A1EE9-3CF8-4898-89C0-F1D96B735489}.Debug|Any CPU.Build.0 = Debug|Any CPU
		{304A1EE9-3CF8-4898-89C0-F1D96B735489}.Release|Any CPU.ActiveCfg = Release|Any CPU
		{304A1EE9-3CF8-4898-89C0-F1D96B735489}.Release|Any CPU.Build.0 = Release|Any CPU
		{930431E9-92CE-4FBE-B1B8-C7B27017DC5B}.Debug|Any CPU.ActiveCfg = Debug|Any CPU
		{930431E9-92CE-4FBE-B1B8-C7B27017DC5B}.Debug|Any CPU.Build.0 = Debug|Any CPU
		{930431E9-92CE-4FBE-B1B8-C7B27017DC5B}.Release|Any CPU.ActiveCfg = Release|Any CPU
		{930431E9-92CE-4FBE-B1B8-C7B27017DC5B}.Release|Any CPU.Build.0 = Release|Any CPU
	EndGlobalSection
	GlobalSection(SolutionProperties) = preSolution
		HideSolutionNode = FALSE
	EndGlobalSection
	GlobalSection(ExtensibilityGlobals) = postSolution
		SolutionGuid = {EDC9C224-B4BD-482A-9740-EEE4F4861DB1}
	EndGlobalSection
EndGlobal
